
Microsoft Visual Studio Solution File, Format Version 12.00
# Visual Studio Version 16
VisualStudioVersion = 16.0.30804.86
MinimumVisualStudioVersion = 10.0.40219.1
Project("{FAE04EC0-301F-11D3-BF4B-00C04F79EFBC}") = "GrpcServiceExample", "GrpcServiceExample\GrpcServiceExample.csproj", "{4E2AD0B8-5DF7-4939-A249-6589C83C5501}"
EndProject
Project("{FAE04EC0-301F-11D3-BF4B-00C04F79EFBC}") = "ClientGrpc", "ClientGrpc\ClientGrpc.csproj", "{C285F0C1-3CA4-4830-852A-E146B73CE17F}"
EndProject
Global
	GlobalSection(SolutionConfigurationPlatforms) = preSolution
		Debug|Any CPU = Debug|Any CPU
		Release|Any CPU = Release|Any CPU
	EndGlobalSection
	GlobalSection(ProjectConfigurationPlatforms) = postSolution
		{4E2AD0B8-5DF7-4939-A249-6589C83C5501}.Debug|Any CPU.ActiveCfg = Debug|Any CPU
		{4E2AD0B8-5DF7-4939-A249-6589C83C5501}.Debug|Any CPU.Build.0 = Debug|Any CPU
		{4E2AD0B8-5DF7-4939-A249-6589C83C5501}.Release|Any CPU.ActiveCfg = Release|Any CPU
		{4E2AD0B8-5DF7-4939-A249-6589C83C5501}.Release|Any CPU.Build.0 = Release|Any CPU
		{C285F0C1-3CA4-4830-852A-E146B73CE17F}.Debug|Any CPU.ActiveCfg = Debug|Any CPU
		{C285F0C1-3CA4-4830-852A-E146B73CE17F}.Debug|Any CPU.Build.0 = Debug|Any CPU
		{C285F0C1-3CA4-4830-852A-E146B73CE17F}.Release|Any CPU.ActiveCfg = Release|Any CPU
		{C285F0C1-3CA4-4830-852A-E146B73CE17F}.Release|Any CPU.Build.0 = Release|Any CPU
	EndGlobalSection
	GlobalSection(SolutionProperties) = preSolution
		HideSolutionNode = FALSE
	EndGlobalSection
	GlobalSection(ExtensibilityGlobals) = postSolution
		SolutionGuid = {42E47F1F-525C-4115-853A-6E6E2EC2C310}
	EndGlobalSection
EndGlobal
